lockfileVersion: '9.0'

settings:
  autoInstallPeers: true
  excludeLinksFromLockfile: false

importers:

  .:
    devDependencies:
      prettier:
        specifier: ^3.5.3
        version: 3.5.3
      prettier-plugin-go-template:
        specifier: ^0.0.15
        version: 0.0.15(prettier@3.5.3)
      prettier-plugin-pkg:
        specifier: ^0.19.1
        version: 0.19.1(prettier@3.5.3)
      prettier-plugin-sh:
        specifier: ^0.17.4
        version: 0.17.4(prettier@3.5.3)
      prettier-plugin-toml:
        specifier: ^2.0.5
        version: 2.0.5(prettier@3.5.3)

packages:

  '@reteps/dockerfmt@0.3.6':
    resolution: {integrity: sha512-Tb5wIMvBf/nLejTQ61krK644/CEMB/cpiaIFXqGApfGqO3GwcR3qnI0DbmkFVCl2OyEp8LnLX3EkucoL0+tbFg==}
    engines: {node: ^v12.20.0 || ^14.13.0 || >=16.0.0}

  '@taplo/core@0.2.0':
    resolution: {integrity: sha512-r8bl54Zj1In3QLkiW/ex694bVzpPJ9EhwqT9xkcUVODnVUGirdB1JTsmiIv0o1uwqZiwhi8xNnTOQBRQCpizrQ==}

  '@taplo/lib@0.5.0':
    resolution: {integrity: sha512-+xIqpQXJco3T+VGaTTwmhxLa51qpkQxCjRwezjFZgr+l21ExlywJFcDfTrNmL6lG6tqb0h8GyJKO3UPGPtSCWg==}

  prettier-plugin-go-template@0.0.15:
    resolution: {integrity: sha512-WqU92E1NokWYNZ9mLE6ijoRg6LtIGdLMePt2C7UBDjXeDH9okcRI3zRqtnWR4s5AloiqyvZ66jNBAa9tmRY5EQ==}
    engines: {node: '>=14.0.0'}
    peerDependencies:
      prettier: ^3.0.0

  prettier-plugin-pkg@0.19.1:
    resolution: {integrity: sha512-9x2USWidQHxzd6a1+ikVqIm1K9qNs3f+XoUvq9EChaSdkkFUxUnWU/4+2EGttFLDT9DK4d9CwCKGSNZC/EE98g==}
    engines: {node: ^14.18.0 || >=16.0.0}
    peerDependencies:
      prettier: ^3.0.3

  prettier-plugin-sh@0.17.4:
    resolution: {integrity: sha512-aAVKXZ7GTEMZdZsIPSwMwddwPvt2ibMbRGd4OJAP0G7QoeYZV+mPNg2Oln3R53sZ4PVjeAA7Xzi/PuI0QlHHfQ==}
    engines: {node: '>=16.0.0'}
    peerDependencies:
      prettier: ^3.0.3

  prettier-plugin-toml@2.0.5:
    resolution: {integrity: sha512-WjXXKQyY4TdXWHU1v73UJxK/oDLSppf+b9KrSVl2kC4ZOr9CIVPKTQ/JxttgbYMaH8r3ihw7WYhMpI1EFa1obg==}
    engines: {node: '>=16.0.0'}
    peerDependencies:
      prettier: ^3.0.3

  prettier@3.5.3:
    resolution: {integrity: sha512-QQtaxnoDJeAkDvDKWCLiwIXkTgRhwYDEQCghU9Z6q03iyek/rxRh/2lC3HB7P8sWT2xC/y5JDctPLBIGzHKbhw==}
    engines: {node: '>=14'}
    hasBin: true

  sh-syntax@0.5.7:
    resolution: {integrity: sha512-74m9dt91konrF5+m0kASugzi37VxKsnTJQ6yvdDZu3IijG5/vIZpImP6FadsJLWNt2X2YD0VaTwW5W7Ox7mFVg==}
    engines: {node: '>=16.0.0'}

  tslib@2.8.1:
    resolution: {integrity: sha512-oJFu94HQb+KVduSUQL7wnpmqnfmLsOA/nAh6b6EH0wCEoK0/mPeXU6c3wKDV83MkOuHPRHtSXKKU99IBazS/2w==}

  ulid@2.4.0:
    resolution: {integrity: sha512-fIRiVTJNcSRmXKPZtGzFQv9WRrZ3M9eoptl/teFJvjOzmpU+/K/JH6HZ8deBfb5vMEpicJcLn7JmvdknlMq7Zg==}
    hasBin: true

snapshots:

  '@reteps/dockerfmt@0.3.6': {}

  '@taplo/core@0.2.0': {}

  '@taplo/lib@0.5.0':
    dependencies:
      '@taplo/core': 0.2.0

  prettier-plugin-go-template@0.0.15(prettier@3.5.3):
    dependencies:
      prettier: 3.5.3
      ulid: 2.4.0

  prettier-plugin-pkg@0.19.1(prettier@3.5.3):
    dependencies:
      prettier: 3.5.3

  prettier-plugin-sh@0.17.4(prettier@3.5.3):
    dependencies:
      '@reteps/dockerfmt': 0.3.6
      prettier: 3.5.3
      sh-syntax: 0.5.7

  prettier-plugin-toml@2.0.5(prettier@3.5.3):
    dependencies:
      '@taplo/lib': 0.5.0
      prettier: 3.5.3

  prettier@3.5.3: {}

  sh-syntax@0.5.7:
    dependencies:
      tslib: 2.8.1

  tslib@2.8.1: {}

  ulid@2.4.0: {}
